
Microsoft Visual Studio Solution File, Format Version 12.00
# Visual Studio Version 17
VisualStudioVersion = 17.11.35327.3
MinimumVisualStudioVersion = 10.0.40219.1
Project("{9A19103F-16F7-4668-BE54-9A1E7A4F7556}") = "game", "game\game.csproj", "{D937D96F-CADE-475A-9764-D695F98F063E}"
EndProject
Project("{FAE04EC0-301F-11D3-BF4B-00C04F79EFBC}") = "game.Test", "game.Test\game.Test.csproj", "{9BB1E515-5A79-4B33-B36C-58D0BABE0E58}"
EndProject
Global
	GlobalSection(SolutionConfigurationPlatforms) = preSolution
		Debug|Any CPU = Debug|Any CPU
		Release|Any CPU = Release|Any CPU
	EndGlobalSection
	GlobalSection(ProjectConfigurationPlatforms) = postSolution
		{D937D96F-CADE-475A-9764-D695F98F063E}.Debug|Any CPU.ActiveCfg = Debug|Any CPU
		{D937D96F-CADE-475A-9764-D695F98F063E}.Debug|Any CPU.Build.0 = Debug|Any CPU
		{D937D96F-CADE-475A-9764-D695F98F063E}.Release|Any CPU.ActiveCfg = Release|Any CPU
		{D937D96F-CADE-475A-9764-D695F98F063E}.Release|Any CPU.Build.0 = Release|Any CPU
		{9BB1E515-5A79-4B33-B36C-58D0BABE0E58}.Debug|Any CPU.ActiveCfg = Debug|Any CPU
		{9BB1E515-5A79-4B33-B36C-58D0BABE0E58}.Debug|Any CPU.Build.0 = Debug|Any CPU
		{9BB1E515-5A79-4B33-B36C-58D0BABE0E58}.Release|Any CPU.ActiveCfg = Release|Any CPU
		{9BB1E515-5A79-4B33-B36C-58D0BABE0E58}.Release|Any CPU.Build.0 = Release|Any CPU
	EndGlobalSection
	GlobalSection(SolutionProperties) = preSolution
		HideSolutionNode = FALSE
	EndGlobalSection
	GlobalSection(ExtensibilityGlobals) = postSolution
		SolutionGuid = {2ABA6299-EA9F-492C-A271-311E1BF44C16}
	EndGlobalSection
EndGlobal
