
Microsoft Visual Studio Solution File, Format Version 12.00
# Visual Studio Version 17
VisualStudioVersion = 17.11.35327.3
MinimumVisualStudioVersion = 10.0.40219.1
Project("{FAE04EC0-301F-11D3-BF4B-00C04F79EFBC}") = "MineSweeperGame", "MineSweeperGame\MineSweeperGame.csproj", "{82016E0C-EC26-4046-A2A5-89337880F9BD}"
EndProject
Project("{FAE04EC0-301F-11D3-BF4B-00C04F79EFBC}") = "MineSweeperGame.Tests", "MineSweeperGame.Tests\MineSweeperGame.Tests.csproj", "{254D6556-8742-4FF4-84BF-5C515BBC0837}"
EndProject
Global
	GlobalSection(SolutionConfigurationPlatforms) = preSolution
		Debug|Any CPU = Debug|Any CPU
		Release|Any CPU = Release|Any CPU
	EndGlobalSection
	GlobalSection(ProjectConfigurationPlatforms) = postSolution
		{82016E0C-EC26-4046-A2A5-89337880F9BD}.Debug|Any CPU.ActiveCfg = Debug|Any CPU
		{82016E0C-EC26-4046-A2A5-89337880F9BD}.Debug|Any CPU.Build.0 = Debug|Any CPU
		{82016E0C-EC26-4046-A2A5-89337880F9BD}.Release|Any CPU.ActiveCfg = Release|Any CPU
		{82016E0C-EC26-4046-A2A5-89337880F9BD}.Release|Any CPU.Build.0 = Release|Any CPU
		{254D6556-8742-4FF4-84BF-5C515BBC0837}.Debug|Any CPU.ActiveCfg = Debug|Any CPU
		{254D6556-8742-4FF4-84BF-5C515BBC0837}.Debug|Any CPU.Build.0 = Debug|Any CPU
		{254D6556-8742-4FF4-84BF-5C515BBC0837}.Release|Any CPU.ActiveCfg = Release|Any CPU
		{254D6556-8742-4FF4-84BF-5C515BBC0837}.Release|Any CPU.Build.0 = Release|Any CPU
	EndGlobalSection
	GlobalSection(SolutionProperties) = preSolution
		HideSolutionNode = FALSE
	EndGlobalSection
	GlobalSection(ExtensibilityGlobals) = postSolution
		SolutionGuid = {1158F39A-519F-4863-9C4E-1DAC5C2D7C9D}
	EndGlobalSection
EndGlobal
